
Microsoft Visual Studio Solution File, Format Version 12.00
# Visual Studio 14
VisualStudioVersion = 14.0.25420.1
MinimumVisualStudioVersion = 10.0.40219.1
Project("{FAE04EC0-301F-11D3-BF4B-00C04F79EFBC}") = "Poc", "Poc\Poc.csproj", "{51F3BE5C-917C-40D5-B62B-050978608800}"
EndProject
Project("{2150E333-8FDC-42A3-9474-1A3956D46DE8}") = "domain", "domain", "{0C267C7E-7BBA-461A-969B-350AD616F9C7}"
EndProject
Project("{2150E333-8FDC-42A3-9474-1A3956D46DE8}") = "src", "src", "{C815AF68-F1A9-48C6-A4AF-D9DCADBC1521}"
EndProject
Project("{2150E333-8FDC-42A3-9474-1A3956D46DE8}") = "infra", "infra", "{C8DA36CC-EAD4-4BE8-9EFA-FBBF93621A7E}"
EndProject
Project("{00D1A9C2-B5F0-4AF3-8072-F6C62B433612}") = "Database", "Database\Database.sqlproj", "{3FEB4498-6FE6-499E-AD44-51B267488B3C}"
EndProject
Project("{2150E333-8FDC-42A3-9474-1A3956D46DE8}") = "application", "application", "{0B1B6A0A-B3CF-492C-98C4-EDEF8BF9D5C7}"
EndProject
Project("{FAE04EC0-301F-11D3-BF4B-00C04F79EFBC}") = "Console", "Console\Console.csproj", "{2DA58F3B-1F13-41BA-B19B-9508629E80EF}"
EndProject
Project("{FAE04EC0-301F-11D3-BF4B-00C04F79EFBC}") = "Entity", "Entity\Entity.csproj", "{22D87ECB-2ECB-4431-871C-ED4E81B1D58B}"
EndProject
Project("{FAE04EC0-301F-11D3-BF4B-00C04F79EFBC}") = "Repository", "Repository\Repository.csproj", "{ED311303-18AE-4761-9071-00953B5B6AFE}"
EndProject
Global
	GlobalSection(SolutionConfigurationPlatforms) = preSolution
		Debug|Any CPU = Debug|Any CPU
		Release|Any CPU = Release|Any CPU
	EndGlobalSection
	GlobalSection(ProjectConfigurationPlatforms) = postSolution
		{51F3BE5C-917C-40D5-B62B-050978608800}.Debug|Any CPU.ActiveCfg = Debug|Any CPU
		{51F3BE5C-917C-40D5-B62B-050978608800}.Debug|Any CPU.Build.0 = Debug|Any CPU
		{51F3BE5C-917C-40D5-B62B-050978608800}.Release|Any CPU.ActiveCfg = Release|Any CPU
		{51F3BE5C-917C-40D5-B62B-050978608800}.Release|Any CPU.Build.0 = Release|Any CPU
		{3FEB4498-6FE6-499E-AD44-51B267488B3C}.Debug|Any CPU.ActiveCfg = Debug|Any CPU
		{3FEB4498-6FE6-499E-AD44-51B267488B3C}.Debug|Any CPU.Build.0 = Debug|Any CPU
		{3FEB4498-6FE6-499E-AD44-51B267488B3C}.Debug|Any CPU.Deploy.0 = Debug|Any CPU
		{3FEB4498-6FE6-499E-AD44-51B267488B3C}.Release|Any CPU.ActiveCfg = Release|Any CPU
		{3FEB4498-6FE6-499E-AD44-51B267488B3C}.Release|Any CPU.Build.0 = Release|Any CPU
		{3FEB4498-6FE6-499E-AD44-51B267488B3C}.Release|Any CPU.Deploy.0 = Release|Any CPU
		{2DA58F3B-1F13-41BA-B19B-9508629E80EF}.Debug|Any CPU.ActiveCfg = Debug|Any CPU
		{2DA58F3B-1F13-41BA-B19B-9508629E80EF}.Debug|Any CPU.Build.0 = Debug|Any CPU
		{2DA58F3B-1F13-41BA-B19B-9508629E80EF}.Release|Any CPU.ActiveCfg = Release|Any CPU
		{2DA58F3B-1F13-41BA-B19B-9508629E80EF}.Release|Any CPU.Build.0 = Release|Any CPU
		{22D87ECB-2ECB-4431-871C-ED4E81B1D58B}.Debug|Any CPU.ActiveCfg = Debug|Any CPU
		{22D87ECB-2ECB-4431-871C-ED4E81B1D58B}.Debug|Any CPU.Build.0 = Debug|Any CPU
		{22D87ECB-2ECB-4431-871C-ED4E81B1D58B}.Release|Any CPU.ActiveCfg = Release|Any CPU
		{22D87ECB-2ECB-4431-871C-ED4E81B1D58B}.Release|Any CPU.Build.0 = Release|Any CPU
		{ED311303-18AE-4761-9071-00953B5B6AFE}.Debug|Any CPU.ActiveCfg = Debug|Any CPU
		{ED311303-18AE-4761-9071-00953B5B6AFE}.Debug|Any CPU.Build.0 = Debug|Any CPU
		{ED311303-18AE-4761-9071-00953B5B6AFE}.Release|Any CPU.ActiveCfg = Release|Any CPU
		{ED311303-18AE-4761-9071-00953B5B6AFE}.Release|Any CPU.Build.0 = Release|Any CPU
	EndGlobalSection
	GlobalSection(SolutionProperties) = preSolution
		HideSolutionNode = FALSE
	EndGlobalSection
	GlobalSection(NestedProjects) = preSolution
		{51F3BE5C-917C-40D5-B62B-050978608800} = {0C267C7E-7BBA-461A-969B-350AD616F9C7}
		{0C267C7E-7BBA-461A-969B-350AD616F9C7} = {C815AF68-F1A9-48C6-A4AF-D9DCADBC1521}
		{C8DA36CC-EAD4-4BE8-9EFA-FBBF93621A7E} = {C815AF68-F1A9-48C6-A4AF-D9DCADBC1521}
		{3FEB4498-6FE6-499E-AD44-51B267488B3C} = {C8DA36CC-EAD4-4BE8-9EFA-FBBF93621A7E}
		{0B1B6A0A-B3CF-492C-98C4-EDEF8BF9D5C7} = {C815AF68-F1A9-48C6-A4AF-D9DCADBC1521}
		{2DA58F3B-1F13-41BA-B19B-9508629E80EF} = {0B1B6A0A-B3CF-492C-98C4-EDEF8BF9D5C7}
		{22D87ECB-2ECB-4431-871C-ED4E81B1D58B} = {C8DA36CC-EAD4-4BE8-9EFA-FBBF93621A7E}
		{ED311303-18AE-4761-9071-00953B5B6AFE} = {C8DA36CC-EAD4-4BE8-9EFA-FBBF93621A7E}
	EndGlobalSection
EndGlobal
